
Microsoft Visual Studio Solution File, Format Version 12.00
# Visual Studio 15
VisualStudioVersion = 15.0.28307.572
MinimumVisualStudioVersion = 10.0.40219.1
Project("{FAE04EC0-301F-11D3-BF4B-00C04F79EFBC}") = "EmployeeLoanManagement", "EmployeeLoanManagement\EmployeeLoanManagement.csproj", "{1D2FEE38-61A4-444E-BFA5-A537994B1A19}"
EndProject
Global
	GlobalSection(SolutionConfigurationPlatforms) = preSolution
		Debug|Any CPU = Debug|Any CPU
		Release|Any CPU = Release|Any CPU
	EndGlobalSection
	GlobalSection(ProjectConfigurationPlatforms) = postSolution
		{1D2FEE38-61A4-444E-BFA5-A537994B1A19}.Debug|Any CPU.ActiveCfg = Debug|Any CPU
		{1D2FEE38-61A4-444E-BFA5-A537994B1A19}.Debug|Any CPU.Build.0 = Debug|Any CPU
		{1D2FEE38-61A4-444E-BFA5-A537994B1A19}.Release|Any CPU.ActiveCfg = Release|Any CPU
		{1D2FEE38-61A4-444E-BFA5-A537994B1A19}.Release|Any CPU.Build.0 = Release|Any CPU
	EndGlobalSection
	GlobalSection(SolutionProperties) = preSolution
		HideSolutionNode = FALSE
	EndGlobalSection
	GlobalSection(ExtensibilityGlobals) = postSolution
		SolutionGuid = {6CB4BC5F-1E4E-4361-80C6-419BF489F9B8}
	EndGlobalSection
EndGlobal
